
Microsoft Visual Studio Solution File, Format Version 12.00
# Visual Studio Version 16
VisualStudioVersion = 16.0.32106.194
MinimumVisualStudioVersion = 10.0.40219.1
Project("{FAE04EC0-301F-11D3-BF4B-00C04F79EFBC}") = "Cliente", "Cliente\Cliente.csproj", "{9092F667-D59D-42DA-B443-3A3EA7046435}"
EndProject
Global
	GlobalSection(SolutionConfigurationPlatforms) = preSolution
		Debug|Any CPU = Debug|Any CPU
		Release|Any CPU = Release|Any CPU
	EndGlobalSection
	GlobalSection(ProjectConfigurationPlatforms) = postSolution
		{9092F667-D59D-42DA-B443-3A3EA7046435}.Debug|Any CPU.ActiveCfg = Debug|Any CPU
		{9092F667-D59D-42DA-B443-3A3EA7046435}.Debug|Any CPU.Build.0 = Debug|Any CPU
		{9092F667-D59D-42DA-B443-3A3EA7046435}.Release|Any CPU.ActiveCfg = Release|Any CPU
		{9092F667-D59D-42DA-B443-3A3EA7046435}.Release|Any CPU.Build.0 = Release|Any CPU
	EndGlobalSection
	GlobalSection(SolutionProperties) = preSolution
		HideSolutionNode = FALSE
	EndGlobalSection
	GlobalSection(ExtensibilityGlobals) = postSolution
		SolutionGuid = {F39BDACA-02CE-418F-8590-1B8269BFE25A}
	EndGlobalSection
EndGlobal
